
Microsoft Visual Studio Solution File, Format Version 12.00
# Visual Studio Version 16
VisualStudioVersion = 16.0.31005.135
MinimumVisualStudioVersion = 10.0.40219.1
Project("{FAE04EC0-301F-11D3-BF4B-00C04F79EFBC}") = "OrderSplitter", "OrderSplitter\OrderSplitter.csproj", "{83135EEE-185D-4D02-A2C7-B90A01CBD592}"
EndProject
Global
	GlobalSection(SolutionConfigurationPlatforms) = preSolution
		Debug|Any CPU = Debug|Any CPU
		Release|Any CPU = Release|Any CPU
	EndGlobalSection
	GlobalSection(ProjectConfigurationPlatforms) = postSolution
		{83135EEE-185D-4D02-A2C7-B90A01CBD592}.Debug|Any CPU.ActiveCfg = Debug|Any CPU
		{83135EEE-185D-4D02-A2C7-B90A01CBD592}.Debug|Any CPU.Build.0 = Debug|Any CPU
		{83135EEE-185D-4D02-A2C7-B90A01CBD592}.Release|Any CPU.ActiveCfg = Release|Any CPU
		{83135EEE-185D-4D02-A2C7-B90A01CBD592}.Release|Any CPU.Build.0 = Release|Any CPU
	EndGlobalSection
	GlobalSection(SolutionProperties) = preSolution
		HideSolutionNode = FALSE
	EndGlobalSection
	GlobalSection(ExtensibilityGlobals) = postSolution
		SolutionGuid = {C701233F-C1D3-4ACC-B504-D74E923C2816}
	EndGlobalSection
EndGlobal
